// !$*UTF8*$!
{
	archiveVersion = 1;
	classes = {
	};
	objectVersion = 56;
	objects = {

/* Begin PBXBuildFile section */
		8409BE6629B7902C0006521E /* TodoeyTableViewCell.swift in Sources */ = {isa = PBXBuildFile; fileRef = 8409BE6529B7902C0006521E /* TodoeyTableViewCell.swift */; };
		8409BE6829B791E00006521E /* SectionViewController.swift in Sources */ = {isa = PBXBuildFile; fileRef = 8409BE6729B791E00006521E /* SectionViewController.swift */; };
		8409BE6929B7A0E30006521E /* Todoey.xcdatamodeld in Resources */ = {isa = PBXBuildFile; fileRef = 8479754829B77D3700BD4098 /* Todoey.xcdatamodeld */; };
		8409BE6C29B7A39F0006521E /* ItemManager.swift in Sources */ = {isa = PBXBuildFile; fileRef = 8409BE6B29B7A39F0006521E /* ItemManager.swift */; };
		8440DBEF29B8C868004D8CD5 /* SectionManager.swift in Sources */ = {isa = PBXBuildFile; fileRef = 8440DBEE29B8C868004D8CD5 /* SectionManager.swift */; };
		845A797A29C268E200A654A5 /* CUViewController.swift in Sources */ = {isa = PBXBuildFile; fileRef = 845A797929C268E200A654A5 /* CUViewController.swift */; };
		845A797C29C274EF00A654A5 /* Constants.swift in Sources */ = {isa = PBXBuildFile; fileRef = 845A797B29C274EF00A654A5 /* Constants.swift */; };
		8479754029B77D3700BD4098 /* AppDelegate.swift in Sources */ = {isa = PBXBuildFile; fileRef = 8479753F29B77D3700BD4098 /* AppDelegate.swift */; };
		8479754229B77D3700BD4098 /* SceneDelegate.swift in Sources */ = {isa = PBXBuildFile; fileRef = 8479754129B77D3700BD4098 /* SceneDelegate.swift */; };
		8479754429B77D3700BD4098 /* ItemViewController.swift in Sources */ = {isa = PBXBuildFile; fileRef = 8479754329B77D3700BD4098 /* ItemViewController.swift */; };
		8479754C29B77D3C00BD4098 /* Assets.xcassets in Resources */ = {isa = PBXBuildFile; fileRef = 8479754B29B77D3C00BD4098 /* Assets.xcassets */; };
		8479754F29B77D3C00BD4098 /* LaunchScreen.storyboard in Resources */ = {isa = PBXBuildFile; fileRef = 8479754D29B77D3C00BD4098 /* LaunchScreen.storyboard */; };
		84CA68D729C7593200F99628 /* Todoeyitem+CoreDataClass.swift in Sources */ = {isa = PBXBuildFile; fileRef = 84CA68D529C7593100F99628 /* Todoeyitem+CoreDataClass.swift */; };
		84CA68D829C7593200F99628 /* TodoeySection+CoreDataClass.swift in Sources */ = {isa = PBXBuildFile; fileRef = 84CA68D329C7593000F99628 /* TodoeySection+CoreDataClass.swift */; };
		84CA68D929C7593200F99628 /* TodoeySection+CoreDataProperties.swift in Sources */ = {isa = PBXBuildFile; fileRef = 84CA68D429C7593100F99628 /* TodoeySection+CoreDataProperties.swift */; };
		84CA68DA29C7593200F99628 /* Todoeyitem+CoreDataProperties.swift in Sources */ = {isa = PBXBuildFile; fileRef = 84CA68D629C7593100F99628 /* Todoeyitem+CoreDataProperties.swift */; };
		84CA68DE29C7888E00F99628 /* ItemDescriptionViewController.swift in Sources */ = {isa = PBXBuildFile; fileRef = 84CA68DD29C7888E00F99628 /* ItemDescriptionViewController.swift */; };
		ED3295F82C9AB5A7902E9871 /* Pods_Todoey.framework in Frameworks */ = {isa = PBXBuildFile; fileRef = C8B54EDE149EFA5641C5DA97 /* Pods_Todoey.framework */; };
/* End PBXBuildFile section */

/* Begin PBXFileReference section */
		2583FDDFB1C242D15BD96362 /* Pods-Todoey.release.xcconfig */ = {isa = PBXFileReference; includeInIndex = 1; lastKnownFileType = text.xcconfig; name = "Pods-Todoey.release.xcconfig"; path = "Target Support Files/Pods-Todoey/Pods-Todoey.release.xcconfig"; sourceTree = "<group>"; };
		8409BE6529B7902C0006521E /* TodoeyTableViewCell.swift */ = {isa = PBXFileReference; lastKnownFileType = sourcecode.swift; path = TodoeyTableViewCell.swift; sourceTree = "<group>"; };
		8409BE6729B791E00006521E /* SectionViewController.swift */ = {isa = PBXFileReference; lastKnownFileType = sourcecode.swift; path = SectionViewController.swift; sourceTree = "<group>"; };
		8409BE6B29B7A39F0006521E /* ItemManager.swift */ = {isa = PBXFileReference; lastKnownFileType = sourcecode.swift; path = ItemManager.swift; sourceTree = "<group>"; };
		8440DBEE29B8C868004D8CD5 /* SectionManager.swift */ = {isa = PBXFileReference; lastKnownFileType = sourcecode.swift; path = SectionManager.swift; sourceTree = "<group>"; };
		845A797929C268E200A654A5 /* CUViewController.swift */ = {isa = PBXFileReference; lastKnownFileType = sourcecode.swift; path = CUViewController.swift; sourceTree = "<group>"; };
		845A797B29C274EF00A654A5 /* Constants.swift */ = {isa = PBXFileReference; lastKnownFileType = sourcecode.swift; path = Constants.swift; sourceTree = "<group>"; };
		8479753C29B77D3700BD4098 /* Todoey.app */ = {isa = PBXFileReference; explicitFileType = wrapper.application; includeInIndex = 0; path = Todoey.app; sourceTree = BUILT_PRODUCTS_DIR; };
		8479753F29B77D3700BD4098 /* AppDelegate.swift */ = {isa = PBXFileReference; lastKnownFileType = sourcecode.swift; path = AppDelegate.swift; sourceTree = "<group>"; };
		8479754129B77D3700BD4098 /* SceneDelegate.swift */ = {isa = PBXFileReference; lastKnownFileType = sourcecode.swift; path = SceneDelegate.swift; sourceTree = "<group>"; };
		8479754329B77D3700BD4098 /* ItemViewController.swift */ = {isa = PBXFileReference; lastKnownFileType = sourcecode.swift; path = ItemViewController.swift; sourceTree = "<group>"; };
		8479754929B77D3700BD4098 /* Todoey.xcdatamodel */ = {isa = PBXFileReference; lastKnownFileType = wrapper.xcdatamodel; path = Todoey.xcdatamodel; sourceTree = "<group>"; };
		8479754B29B77D3C00BD4098 /* Assets.xcassets */ = {isa = PBXFileReference; lastKnownFileType = folder.assetcatalog; path = Assets.xcassets; sourceTree = "<group>"; };
		8479754E29B77D3C00BD4098 /* Base */ = {isa = PBXFileReference; lastKnownFileType = file.storyboard; name = Base; path = Base.lproj/LaunchScreen.storyboard; sourceTree = "<group>"; };
		8479755029B77D3C00BD4098 /* Info.plist */ = {isa = PBXFileReference; lastKnownFileType = text.plist.xml; path = Info.plist; sourceTree = "<group>"; };
		84CA68D329C7593000F99628 /* TodoeySection+CoreDataClass.swift */ = {isa = PBXFileReference; lastKnownFileType = sourcecode.swift; name = "TodoeySection+CoreDataClass.swift"; path = "/Users/admin/Desktop/dev/Todoey/Todoey/Models/TodoeySection+CoreDataClass.swift"; sourceTree = "<absolute>"; };
		84CA68D429C7593100F99628 /* TodoeySection+CoreDataProperties.swift */ = {isa = PBXFileReference; lastKnownFileType = sourcecode.swift; name = "TodoeySection+CoreDataProperties.swift"; path = "/Users/admin/Desktop/dev/Todoey/Todoey/Models/TodoeySection+CoreDataProperties.swift"; sourceTree = "<absolute>"; };
		84CA68D529C7593100F99628 /* Todoeyitem+CoreDataClass.swift */ = {isa = PBXFileReference; lastKnownFileType = sourcecode.swift; name = "Todoeyitem+CoreDataClass.swift"; path = "/Users/admin/Desktop/dev/Todoey/Todoey/Models/Todoeyitem+CoreDataClass.swift"; sourceTree = "<absolute>"; };
		84CA68D629C7593100F99628 /* Todoeyitem+CoreDataProperties.swift */ = {isa = PBXFileReference; lastKnownFileType = sourcecode.swift; name = "Todoeyitem+CoreDataProperties.swift"; path = "/Users/admin/Desktop/dev/Todoey/Todoey/Models/Todoeyitem+CoreDataProperties.swift"; sourceTree = "<absolute>"; };
		84CA68DD29C7888E00F99628 /* ItemDescriptionViewController.swift */ = {isa = PBXFileReference; lastKnownFileType = sourcecode.swift; path = ItemDescriptionViewController.swift; sourceTree = "<group>"; };
		C3118B93F9366C39C19A1FF1 /* Pods-Todoey.debug.xcconfig */ = {isa = PBXFileReference; includeInIndex = 1; lastKnownFileType = text.xcconfig; name = "Pods-Todoey.debug.xcconfig"; path = "Target Support Files/Pods-Todoey/Pods-Todoey.debug.xcconfig"; sourceTree = "<group>"; };
		C8B54EDE149EFA5641C5DA97 /* Pods_Todoey.framework */ = {isa = PBXFileReference; explicitFileType = wrapper.framework; includeInIndex = 0; path = Pods_Todoey.framework; sourceTree = BUILT_PRODUCTS_DIR; };
/* End PBXFileReference section */

/* Begin PBXFrameworksBuildPhase section */
		8479753929B77D3700BD4098 /* Frameworks */ = {
			isa = PBXFrameworksBuildPhase;
			buildActionMask = 2147483647;
			files = (
				ED3295F82C9AB5A7902E9871 /* Pods_Todoey.framework in Frameworks */,
			);
			runOnlyForDeploymentPostprocessing = 0;
		};
/* End PBXFrameworksBuildPhase section */

/* Begin PBXGroup section */
		7A98054EA7D16FD974291A68 /* Frameworks */ = {
			isa = PBXGroup;
			children = (
				C8B54EDE149EFA5641C5DA97 /* Pods_Todoey.framework */,
			);
			name = Frameworks;
			sourceTree = "<group>";
		};
		8409BE6429B790100006521E /* Views */ = {
			isa = PBXGroup;
			children = (
				8409BE6529B7902C0006521E /* TodoeyTableViewCell.swift */,
			);
			path = Views;
			sourceTree = "<group>";
		};
		8409BE6A29B7A3820006521E /* Models */ = {
			isa = PBXGroup;
			children = (
				84CA68D529C7593100F99628 /* Todoeyitem+CoreDataClass.swift */,
				84CA68D629C7593100F99628 /* Todoeyitem+CoreDataProperties.swift */,
				84CA68D429C7593100F99628 /* TodoeySection+CoreDataProperties.swift */,
				84CA68D329C7593000F99628 /* TodoeySection+CoreDataClass.swift */,
				8409BE6B29B7A39F0006521E /* ItemManager.swift */,
				8440DBEE29B8C868004D8CD5 /* SectionManager.swift */,
			);
			path = Models;
			sourceTree = "<group>";
		};
		842BA77A29B77FDD003188F5 /* ViewControllers */ = {
			isa = PBXGroup;
			children = (
				8409BE6729B791E00006521E /* SectionViewController.swift */,
				8479754329B77D3700BD4098 /* ItemViewController.swift */,
				845A797929C268E200A654A5 /* CUViewController.swift */,
				84CA68DD29C7888E00F99628 /* ItemDescriptionViewController.swift */,
			);
			path = ViewControllers;
			sourceTree = "<group>";
		};
		8479753329B77D3700BD4098 = {
			isa = PBXGroup;
			children = (
				8479753E29B77D3700BD4098 /* Todoey */,
				8479753D29B77D3700BD4098 /* Products */,
				FF603F164AA9A9020974BC43 /* Pods */,
				7A98054EA7D16FD974291A68 /* Frameworks */,
			);
			sourceTree = "<group>";
		};
		8479753D29B77D3700BD4098 /* Products */ = {
			isa = PBXGroup;
			children = (
				8479753C29B77D3700BD4098 /* Todoey.app */,
			);
			name = Products;
			sourceTree = "<group>";
		};
		8479753E29B77D3700BD4098 /* Todoey */ = {
			isa = PBXGroup;
			children = (
				8409BE6A29B7A3820006521E /* Models */,
				8409BE6429B790100006521E /* Views */,
				842BA77A29B77FDD003188F5 /* ViewControllers */,
				8479753F29B77D3700BD4098 /* AppDelegate.swift */,
				8479754129B77D3700BD4098 /* SceneDelegate.swift */,
				845A797B29C274EF00A654A5 /* Constants.swift */,
				8479754B29B77D3C00BD4098 /* Assets.xcassets */,
				8479754D29B77D3C00BD4098 /* LaunchScreen.storyboard */,
				8479755029B77D3C00BD4098 /* Info.plist */,
				8479754829B77D3700BD4098 /* Todoey.xcdatamodeld */,
			);
			path = Todoey;
			sourceTree = "<group>";
		};
		FF603F164AA9A9020974BC43 /* Pods */ = {
			isa = PBXGroup;
			children = (
				C3118B93F9366C39C19A1FF1 /* Pods-Todoey.debug.xcconfig */,
				2583FDDFB1C242D15BD96362 /* Pods-Todoey.release.xcconfig */,
			);
			path = Pods;
			sourceTree = "<group>";
		};
/* End PBXGroup section */

/* Begin PBXNativeTarget section */
		8479753B29B77D3700BD4098 /* Todoey */ = {
			isa = PBXNativeTarget;
			buildConfigurationList = 8479755329B77D3C00BD4098 /* Build configuration list for PBXNativeTarget "Todoey" */;
			buildPhases = (
				3F0A47EC356A834608340E27 /* [CP] Check Pods Manifest.lock */,
				8479753829B77D3700BD4098 /* Sources */,
				8479753929B77D3700BD4098 /* Frameworks */,
				8479753A29B77D3700BD4098 /* Resources */,
				A35864193271234D612F39D4 /* [CP] Embed Pods Frameworks */,
			);
			buildRules = (
			);
			dependencies = (
			);
			name = Todoey;
			productName = Todoey;
			productReference = 8479753C29B77D3700BD4098 /* Todoey.app */;
			productType = "com.apple.product-type.application";
		};
/* End PBXNativeTarget section */

/* Begin PBXProject section */
		8479753429B77D3700BD4098 /* Project object */ = {
			isa = PBXProject;
			attributes = {
				BuildIndependentTargetsInParallel = 1;
				LastSwiftUpdateCheck = 1410;
				LastUpgradeCheck = 1410;
				TargetAttributes = {
					8479753B29B77D3700BD4098 = {
						CreatedOnToolsVersion = 14.1;
					};
				};
			};
			buildConfigurationList = 8479753729B77D3700BD4098 /* Build configuration list for PBXProject "Todoey" */;
			compatibilityVersion = "Xcode 14.0";
			developmentRegion = en;
			hasScannedForEncodings = 0;
			knownRegions = (
				en,
				Base,
			);
			mainGroup = 8479753329B77D3700BD4098;
			productRefGroup = 8479753D29B77D3700BD4098 /* Products */;
			projectDirPath = "";
			projectRoot = "";
			targets = (
				8479753B29B77D3700BD4098 /* Todoey */,
			);
		};
/* End PBXProject section */

/* Begin PBXResourcesBuildPhase section */
		8479753A29B77D3700BD4098 /* Resources */ = {
			isa = PBXResourcesBuildPhase;
			buildActionMask = 2147483647;
			files = (
				8479754F29B77D3C00BD4098 /* LaunchScreen.storyboard in Resources */,
				8479754C29B77D3C00BD4098 /* Assets.xcassets in Resources */,
				8409BE6929B7A0E30006521E /* Todoey.xcdatamodeld in Resources */,
			);
			runOnlyForDeploymentPostprocessing = 0;
		};
/* End PBXResourcesBuildPhase section */

/* Begin PBXShellScriptBuildPhase section */
		3F0A47EC356A834608340E27 /* [CP] Check Pods Manifest.lock */ = {
			isa = PBXShellScriptBuildPhase;
			buildActionMask = 2147483647;
			files = (
			);
			inputFileListPaths = (
			);
			inputPaths = (
				"${PODS_PODFILE_DIR_PATH}/Podfile.lock",
				"${PODS_ROOT}/Manifest.lock",
			);
			name = "[CP] Check Pods Manifest.lock";
			outputFileListPaths = (
			);
			outputPaths = (
				"$(DERIVED_FILE_DIR)/Pods-Todoey-checkManifestLockResult.txt",
			);
			runOnlyForDeploymentPostprocessing = 0;
			shellPath = /bin/sh;
			shellScript = "diff \"${PODS_PODFILE_DIR_PATH}/Podfile.lock\" \"${PODS_ROOT}/Manifest.lock\" > /dev/null\nif [ $? != 0 ] ; then\n    # print error to STDERR\n    echo \"error: The sandbox is not in sync with the Podfile.lock. Run 'pod install' or update your CocoaPods installation.\" >&2\n    exit 1\nfi\n# This output is used by Xcode 'outputs' to avoid re-running this script phase.\necho \"SUCCESS\" > \"${SCRIPT_OUTPUT_FILE_0}\"\n";
			showEnvVarsInLog = 0;
		};
		A35864193271234D612F39D4 /* [CP] Embed Pods Frameworks */ = {
			isa = PBXShellScriptBuildPhase;
			buildActionMask = 2147483647;
			files = (
			);
			inputFileListPaths = (
				"${PODS_ROOT}/Target Support Files/Pods-Todoey/Pods-Todoey-frameworks-${CONFIGURATION}-input-files.xcfilelist",
			);
			name = "[CP] Embed Pods Frameworks";
			outputFileListPaths = (
				"${PODS_ROOT}/Target Support Files/Pods-Todoey/Pods-Todoey-frameworks-${CONFIGURATION}-output-files.xcfilelist",
			);
			runOnlyForDeploymentPostprocessing = 0;
			shellPath = /bin/sh;
			shellScript = "\"${PODS_ROOT}/Target Support Files/Pods-Todoey/Pods-Todoey-frameworks.sh\"\n";
			showEnvVarsInLog = 0;
		};
/* End PBXShellScriptBuildPhase section */

/* Begin PBXSourcesBuildPhase section */
		8479753829B77D3700BD4098 /* Sources */ = {
			isa = PBXSourcesBuildPhase;
			buildActionMask = 2147483647;
			files = (
				84CA68D829C7593200F99628 /* TodoeySection+CoreDataClass.swift in Sources */,
				84CA68D929C7593200F99628 /* TodoeySection+CoreDataProperties.swift in Sources */,
				8409BE6C29B7A39F0006521E /* ItemManager.swift in Sources */,
				8479754429B77D3700BD4098 /* ItemViewController.swift in Sources */,
				8409BE6629B7902C0006521E /* TodoeyTableViewCell.swift in Sources */,
				8409BE6829B791E00006521E /* SectionViewController.swift in Sources */,
				8440DBEF29B8C868004D8CD5 /* SectionManager.swift in Sources */,
				845A797C29C274EF00A654A5 /* Constants.swift in Sources */,
				84CA68D729C7593200F99628 /* Todoeyitem+CoreDataClass.swift in Sources */,
				84CA68DE29C7888E00F99628 /* ItemDescriptionViewController.swift in Sources */,
				845A797A29C268E200A654A5 /* CUViewController.swift in Sources */,
				8479754029B77D3700BD4098 /* AppDelegate.swift in Sources */,
				8479754229B77D3700BD4098 /* SceneDelegate.swift in Sources */,
				84CA68DA29C7593200F99628 /* Todoeyitem+CoreDataProperties.swift in Sources */,
			);
			runOnlyForDeploymentPostprocessing = 0;
		};
/* End PBXSourcesBuildPhase section */

/* Begin PBXVariantGroup section */
		8479754D29B77D3C00BD4098 /* LaunchScreen.storyboard */ = {
			isa = PBXVariantGroup;
			children = (
				8479754E29B77D3C00BD4098 /* Base */,
			);
			name = LaunchScreen.storyboard;
			sourceTree = "<group>";
		};
/* End PBXVariantGroup section */

/* Begin XCBuildConfiguration section */
		8479755129B77D3C00BD4098 /* Debug */ = {
			isa = XCBuildConfiguration;
			buildSettings = {
				ALWAYS_SEARCH_USER_PATHS = NO;
				CLANG_ANALYZER_NONNULL = YES;
				CLANG_ANALYZER_NUMBER_OBJECT_CONVERSION = YES_AGGRESSIVE;
				CLANG_CXX_LANGUAGE_STANDARD = "gnu++20";
				CLANG_ENABLE_MODULES = YES;
				CLANG_ENABLE_OBJC_ARC = YES;
				CLANG_ENABLE_OBJC_WEAK = YES;
				CLANG_WARN_BLOCK_CAPTURE_AUTORELEASING = YES;
				CLANG_WARN_BOOL_CONVERSION = YES;
				CLANG_WARN_COMMA = YES;
				CLANG_WARN_CONSTANT_CONVERSION = YES;
				CLANG_WARN_DEPRECATED_OBJC_IMPLEMENTATIONS = YES;
				CLANG_WARN_DIRECT_OBJC_ISA_USAGE = YES_ERROR;
				CLANG_WARN_DOCUMENTATION_COMMENTS = YES;
				CLANG_WARN_EMPTY_BODY = YES;
				CLANG_WARN_ENUM_CONVERSION = YES;
				CLANG_WARN_INFINITE_RECURSION = YES;
				CLANG_WARN_INT_CONVERSION = YES;
				CLANG_WARN_NON_LITERAL_NULL_CONVERSION = YES;
				CLANG_WARN_OBJC_IMPLICIT_RETAIN_SELF = YES;
				CLANG_WARN_OBJC_LITERAL_CONVERSION = YES;
				CLANG_WARN_OBJC_ROOT_CLASS = YES_ERROR;
				CLANG_WARN_QUOTED_INCLUDE_IN_FRAMEWORK_HEADER = YES;
				CLANG_WARN_RANGE_LOOP_ANALYSIS = YES;
				CLANG_WARN_STRICT_PROTOTYPES = YES;
				CLANG_WARN_SUSPICIOUS_MOVE = YES;
				CLANG_WARN_UNGUARDED_AVAILABILITY = YES_AGGRESSIVE;
				CLANG_WARN_UNREACHABLE_CODE = YES;
				CLANG_WARN__DUPLICATE_METHOD_MATCH = YES;
				COPY_PHASE_STRIP = NO;
				DEBUG_INFORMATION_FORMAT = dwarf;
				ENABLE_STRICT_OBJC_MSGSEND = YES;
				ENABLE_TESTABILITY = YES;
				GCC_C_LANGUAGE_STANDARD = gnu11;
				GCC_DYNAMIC_NO_PIC = NO;
				GCC_NO_COMMON_BLOCKS = YES;
				GCC_OPTIMIZATION_LEVEL = 0;
				GCC_PREPROCESSOR_DEFINITIONS = (
					"DEBUG=1",
					"$(inherited)",
				);
				GCC_WARN_64_TO_32_BIT_CONVERSION = YES;
				GCC_WARN_ABOUT_RETURN_TYPE = YES_ERROR;
				GCC_WARN_UNDECLARED_SELECTOR = YES;
				GCC_WARN_UNINITIALIZED_AUTOS = YES_AGGRESSIVE;
				GCC_WARN_UNUSED_FUNCTION = YES;
				GCC_WARN_UNUSED_VARIABLE = YES;
				IPHONEOS_DEPLOYMENT_TARGET = 16.1;
				MTL_ENABLE_DEBUG_INFO = INCLUDE_SOURCE;
				MTL_FAST_MATH = YES;
				ONLY_ACTIVE_ARCH = YES;
				SDKROOT = iphoneos;
				SWIFT_ACTIVE_COMPILATION_CONDITIONS = DEBUG;
				SWIFT_OPTIMIZATION_LEVEL = "-Onone";
			};
			name = Debug;
		};
		8479755229B77D3C00BD4098 /* Release */ = {
			isa = XCBuildConfiguration;
			buildSettings = {
				ALWAYS_SEARCH_USER_PATHS = NO;
				CLANG_ANALYZER_NONNULL = YES;
				CLANG_ANALYZER_NUMBER_OBJECT_CONVERSION = YES_AGGRESSIVE;
				CLANG_CXX_LANGUAGE_STANDARD = "gnu++20";
				CLANG_ENABLE_MODULES = YES;
				CLANG_ENABLE_OBJC_ARC = YES;
				CLANG_ENABLE_OBJC_WEAK = YES;
				CLANG_WARN_BLOCK_CAPTURE_AUTORELEASING = YES;
				CLANG_WARN_BOOL_CONVERSION = YES;
				CLANG_WARN_COMMA = YES;
				CLANG_WARN_CONSTANT_CONVERSION = YES;
				CLANG_WARN_DEPRECATED_OBJC_IMPLEMENTATIONS = YES;
				CLANG_WARN_DIRECT_OBJC_ISA_USAGE = YES_ERROR;
				CLANG_WARN_DOCUMENTATION_COMMENTS = YES;
				CLANG_WARN_EMPTY_BODY = YES;
				CLANG_WARN_ENUM_CONVERSION = YES;
				CLANG_WARN_INFINITE_RECURSION = YES;
				CLANG_WARN_INT_CONVERSION = YES;
				CLANG_WARN_NON_LITERAL_NULL_CONVERSION = YES;
				CLANG_WARN_OBJC_IMPLICIT_RETAIN_SELF = YES;
				CLANG_WARN_OBJC_LITERAL_CONVERSION = YES;
				CLANG_WARN_OBJC_ROOT_CLASS = YES_ERROR;
				CLANG_WARN_QUOTED_INCLUDE_IN_FRAMEWORK_HEADER = YES;
				CLANG_WARN_RANGE_LOOP_ANALYSIS = YES;
				CLANG_WARN_STRICT_PROTOTYPES = YES;
				CLANG_WARN_SUSPICIOUS_MOVE = YES;
				CLANG_WARN_UNGUARDED_AVAILABILITY = YES_AGGRESSIVE;
				CLANG_WARN_UNREACHABLE_CODE = YES;
				CLANG_WARN__DUPLICATE_METHOD_MATCH = YES;
				COPY_PHASE_STRIP = NO;
				DEBUG_INFORMATION_FORMAT = "dwarf-with-dsym";
				ENABLE_NS_ASSERTIONS = NO;
				ENABLE_STRICT_OBJC_MSGSEND = YES;
				GCC_C_LANGUAGE_STANDARD = gnu11;
				GCC_NO_COMMON_BLOCKS = YES;
				GCC_WARN_64_TO_32_BIT_CONVERSION = YES;
				GCC_WARN_ABOUT_RETURN_TYPE = YES_ERROR;
				GCC_WARN_UNDECLARED_SELECTOR = YES;
				GCC_WARN_UNINITIALIZED_AUTOS = YES_AGGRESSIVE;
				GCC_WARN_UNUSED_FUNCTION = YES;
				GCC_WARN_UNUSED_VARIABLE = YES;
				IPHONEOS_DEPLOYMENT_TARGET = 16.1;
				MTL_ENABLE_DEBUG_INFO = NO;
				MTL_FAST_MATH = YES;
				SDKROOT = iphoneos;
				SWIFT_COMPILATION_MODE = wholemodule;
				SWIFT_OPTIMIZATION_LEVEL = "-O";
				VALIDATE_PRODUCT = YES;
			};
			name = Release;
		};
		8479755429B77D3C00BD4098 /* Debug */ = {
			isa = XCBuildConfiguration;
			baseConfigurationReference = C3118B93F9366C39C19A1FF1 /* Pods-Todoey.debug.xcconfig */;
			buildSettings = {
				ASSETCATALOG_COMPILER_APPICON_NAME = AppIcon;
				ASSETCATALOG_COMPILER_GLOBAL_ACCENT_COLOR_NAME = AccentColor;
				CODE_SIGN_STYLE = Automatic;
				CURRENT_PROJECT_VERSION = 1;
				GENERATE_INFOPLIST_FILE = YES;
				INFOPLIST_FILE = Todoey/Info.plist;
				INFOPLIST_KEY_UIApplicationSupportsIndirectInputEvents = YES;
				INFOPLIST_KEY_UILaunchStoryboardName = LaunchScreen;
				INFOPLIST_KEY_UISupportedInterfaceOrientations_iPad = "UIInterfaceOrientationPortrait UIInterfaceOrientationPortraitUpsideDown UIInterfaceOrientationLandscapeLeft UIInterfaceOrientationLandscapeRight";
				INFOPLIST_KEY_UISupportedInterfaceOrientations_iPhone = "UIInterfaceOrientationPortrait UIInterfaceOrientationLandscapeLeft UIInterfaceOrientationLandscapeRight";
				LD_RUNPATH_SEARCH_PATHS = (
					"$(inherited)",
					"@executable_path/Frameworks",
				);
				MARKETING_VERSION = 1.0;
				PRODUCT_BUNDLE_IDENTIFIER = com.pokerface.Todoey;
				PRODUCT_NAME = "$(TARGET_NAME)";
				SWIFT_EMIT_LOC_STRINGS = YES;
				SWIFT_VERSION = 5.0;
				TARGETED_DEVICE_FAMILY = "1,2";
			};
			name = Debug;
		};
		8479755529B77D3C00BD4098 /* Release */ = {
			isa = XCBuildConfiguration;
			baseConfigurationReference = 2583FDDFB1C242D15BD96362 /* Pods-Todoey.release.xcconfig */;
			buildSettings = {
				ASSETCATALOG_COMPILER_APPICON_NAME = AppIcon;
				ASSETCATALOG_COMPILER_GLOBAL_ACCENT_COLOR_NAME = AccentColor;
				CODE_SIGN_STYLE = Automatic;
				CURRENT_PROJECT_VERSION = 1;
				GENERATE_INFOPLIST_FILE = YES;
				INFOPLIST_FILE = Todoey/Info.plist;
				INFOPLIST_KEY_UIApplicationSupportsIndirectInputEvents = YES;
				INFOPLIST_KEY_UILaunchStoryboardName = LaunchScreen;
				INFOPLIST_KEY_UISupportedInterfaceOrientations_iPad = "UIInterfaceOrientationPortrait UIInterfaceOrientationPortraitUpsideDown UIInterfaceOrientationLandscapeLeft UIInterfaceOrientationLandscapeRight";
				INFOPLIST_KEY_UISupportedInterfaceOrientations_iPhone = "UIInterfaceOrientationPortrait UIInterfaceOrientationLandscapeLeft UIInterfaceOrientationLandscapeRight";
				LD_RUNPATH_SEARCH_PATHS = (
					"$(inherited)",
					"@executable_path/Frameworks",
				);
				MARKETING_VERSION = 1.0;
				PRODUCT_BUNDLE_IDENTIFIER = com.pokerface.Todoey;
				PRODUCT_NAME = "$(TARGET_NAME)";
				SWIFT_EMIT_LOC_STRINGS = YES;
				SWIFT_VERSION = 5.0;
				TARGETED_DEVICE_FAMILY = "1,2";
			};
			name = Release;
		};
/* End XCBuildConfiguration section */

/* Begin XCConfigurationList section */
		8479753729B77D3700BD4098 /* Build configuration list for PBXProject "Todoey" */ = {
			isa = XCConfigurationList;
			buildConfigurations = (
				8479755129B77D3C00BD4098 /* Debug */,
				8479755229B77D3C00BD4098 /* Release */,
			);
			defaultConfigurationIsVisible = 0;
			defaultConfigurationName = Release;
		};
		8479755329B77D3C00BD4098 /* Build configuration list for PBXNativeTarget "Todoey" */ = {
			isa = XCConfigurationList;
			buildConfigurations = (
				8479755429B77D3C00BD4098 /* Debug */,
				8479755529B77D3C00BD4098 /* Release */,
			);
			defaultConfigurationIsVisible = 0;
			defaultConfigurationName = Release;
		};
/* End XCConfigurationList section */

/* Begin XCVersionGroup section */
		8479754829B77D3700BD4098 /* Todoey.xcdatamodeld */ = {
			isa = XCVersionGroup;
			children = (
				8479754929B77D3700BD4098 /* Todoey.xcdatamodel */,
			);
			currentVersion = 8479754929B77D3700BD4098 /* Todoey.xcdatamodel */;
			path = Todoey.xcdatamodeld;
			sourceTree = "<group>";
			versionGroupType = wrapper.xcdatamodel;
		};
/* End XCVersionGroup section */
	};
	rootObject = 8479753429B77D3700BD4098 /* Project object */;
}
